{
  "name": "upes-open-birthday-mailer",
  "version": "1.0.0",
  "lockfileVersion": 2,
  "requires": true,
  "packages": {
    "": {
      "name": "upes-open-birthday-mailer",
      "version": "1.0.0",
      "license": "GPL-3.0-only",
      "dependencies": {
        "dotenv": "^16.0.0",
        "http": "^0.0.1-security",
        "node-cron": "^3.0.0",
        "nodemailer": "^6.7.3",
        "stream": "^0.0.2",
        "timers": "^0.1.1"
      },
      "engines": {
        "node": "16.x"
      }
    },
    "node_modules/dotenv": {
      "version": "16.0.1",
      "resolved": "https://registry.npmjs.org/dotenv/-/dotenv-16.0.1.tgz",
      "integrity": "sha512-1K6hR6wtk2FviQ4kEiSjFiH5rpzEVi8WW0x96aztHVMhEspNpc4DVOUTEHtEva5VThQ8IaBX1Pe4gSzpVVUsKQ==",
      "engines": {
        "node": ">=12"
      }
    },
    "node_modules/emitter-component": {
      "version": "1.1.1",
      "resolved": "https://registry.npmjs.org/emitter-component/-/emitter-component-1.1.1.tgz",
      "integrity": "sha1-Bl4tvtaVm/RwZ57avq95gdEAOrY="
    },
    "node_modules/http": {
      "version": "0.0.1-security",
      "resolved": "https://registry.npmjs.org/http/-/http-0.0.1-security.tgz",
      "integrity": "sha512-RnDvP10Ty9FxqOtPZuxtebw1j4L/WiqNMDtuc1YMH1XQm5TgDRaR1G9u8upL6KD1bXHSp9eSXo/ED+8Q7FAr+g=="
    },
    "node_modules/moment": {
      "version": "2.29.3",
      "resolved": "https://registry.npmjs.org/moment/-/moment-2.29.3.tgz",
      "integrity": "sha512-c6YRvhEo//6T2Jz/vVtYzqBzwvPT95JBQ+smCytzf7c50oMZRsR/a4w88aD34I+/QVSfnoAnSBFPJHItlOMJVw==",
      "engines": {
        "node": "*"
      }
    },
    "node_modules/moment-timezone": {
      "version": "0.5.34",
      "resolved": "https://registry.npmjs.org/moment-timezone/-/moment-timezone-0.5.34.tgz",
      "integrity": "sha512-3zAEHh2hKUs3EXLESx/wsgw6IQdusOT8Bxm3D9UrHPQR7zlMmzwybC8zHEM1tQ4LJwP7fcxrWr8tuBg05fFCbg==",
      "dependencies": {
        "moment": ">= 2.9.0"
      },
      "engines": {
        "node": "*"
      }
    },
    "node_modules/node-cron": {
      "version": "3.0.0",
      "resolved": "https://registry.npmjs.org/node-cron/-/node-cron-3.0.0.tgz",
      "integrity": "sha512-DDwIvvuCwrNiaU7HEivFDULcaQualDv7KoNlB/UU1wPW0n1tDEmBJKhEIE6DlF2FuoOHcNbLJ8ITL2Iv/3AWmA==",
      "dependencies": {
        "moment-timezone": "^0.5.31"
      },
      "engines": {
        "node": ">=6.0.0"
      }
    },
    "node_modules/nodemailer": {
      "version": "6.7.5",
      "resolved": "https://registry.npmjs.org/nodemailer/-/nodemailer-6.7.5.tgz",
      "integrity": "sha512-6VtMpwhsrixq1HDYSBBHvW0GwiWawE75dS3oal48VqRhUvKJNnKnJo2RI/bCVQubj1vgrgscMNW4DHaD6xtMCg==",
      "engines": {
        "node": ">=6.0.0"
      }
    },
    "node_modules/stream": {
      "version": "0.0.2",
      "resolved": "https://registry.npmjs.org/stream/-/stream-0.0.2.tgz",
      "integrity": "sha1-f1Nj8Ff2WSxVlfALyAon9c7B8O8=",
      "dependencies": {
        "emitter-component": "^1.1.1"
      }
    },
    "node_modules/timers": {
      "version": "0.1.1",
      "resolved": "https://registry.npmjs.org/timers/-/timers-0.1.1.tgz",
      "integrity": "sha1-hqxceMHuQZaU81pY3k/UGDz7nB4="
    }
  },
  "dependencies": {
    "dotenv": {
      "version": "16.0.1",
      "resolved": "https://registry.npmjs.org/dotenv/-/dotenv-16.0.1.tgz",
      "integrity": "sha512-1K6hR6wtk2FviQ4kEiSjFiH5rpzEVi8WW0x96aztHVMhEspNpc4DVOUTEHtEva5VThQ8IaBX1Pe4gSzpVVUsKQ=="
    },
    "emitter-component": {
      "version": "1.1.1",
      "resolved": "https://registry.npmjs.org/emitter-component/-/emitter-component-1.1.1.tgz",
      "integrity": "sha1-Bl4tvtaVm/RwZ57avq95gdEAOrY="
    },
    "http": {
      "version": "0.0.1-security",
      "resolved": "https://registry.npmjs.org/http/-/http-0.0.1-security.tgz",
      "integrity": "sha512-RnDvP10Ty9FxqOtPZuxtebw1j4L/WiqNMDtuc1YMH1XQm5TgDRaR1G9u8upL6KD1bXHSp9eSXo/ED+8Q7FAr+g=="
    },
    "moment": {
      "version": "2.29.3",
      "resolved": "https://registry.npmjs.org/moment/-/moment-2.29.3.tgz",
      "integrity": "sha512-c6YRvhEo//6T2Jz/vVtYzqBzwvPT95JBQ+smCytzf7c50oMZRsR/a4w88aD34I+/QVSfnoAnSBFPJHItlOMJVw=="
    },
    "moment-timezone": {
      "version": "0.5.34",
      "resolved": "https://registry.npmjs.org/moment-timezone/-/moment-timezone-0.5.34.tgz",
      "integrity": "sha512-3zAEHh2hKUs3EXLESx/wsgw6IQdusOT8Bxm3D9UrHPQR7zlMmzwybC8zHEM1tQ4LJwP7fcxrWr8tuBg05fFCbg==",
      "requires": {
        "moment": ">= 2.9.0"
      }
    },
    "node-cron": {
      "version": "3.0.0",
      "resolved": "https://registry.npmjs.org/node-cron/-/node-cron-3.0.0.tgz",
      "integrity": "sha512-DDwIvvuCwrNiaU7HEivFDULcaQualDv7KoNlB/UU1wPW0n1tDEmBJKhEIE6DlF2FuoOHcNbLJ8ITL2Iv/3AWmA==",
      "requires": {
        "moment-timezone": "^0.5.31"
      }
    },
    "nodemailer": {
      "version": "6.7.5",
      "resolved": "https://registry.npmjs.org/nodemailer/-/nodemailer-6.7.5.tgz",
      "integrity": "sha512-6VtMpwhsrixq1HDYSBBHvW0GwiWawE75dS3oal48VqRhUvKJNnKnJo2RI/bCVQubj1vgrgscMNW4DHaD6xtMCg=="
    },
    "stream": {
      "version": "0.0.2",
      "resolved": "https://registry.npmjs.org/stream/-/stream-0.0.2.tgz",
      "integrity": "sha1-f1Nj8Ff2WSxVlfALyAon9c7B8O8=",
      "requires": {
        "emitter-component": "^1.1.1"
      }
    },
    "timers": {
      "version": "0.1.1",
      "resolved": "https://registry.npmjs.org/timers/-/timers-0.1.1.tgz",
      "integrity": "sha1-hqxceMHuQZaU81pY3k/UGDz7nB4="
    }
  }
}
